
Microsoft Visual Studio Solution File, Format Version 12.00
# Visual Studio Version 17
VisualStudioVersion = 17.0.31903.59
MinimumVisualStudioVersion = 10.0.40219.1
Project("{2150E333-8FDC-42A3-9474-1A3956D46DE8}") = "src", "src", "{640B8600-3BCE-4A94-BADA-6E59505F8844}"
EndProject
Project("{FAE04EC0-301F-11D3-BF4B-00C04F79EFBC}") = "Dev.Web", "src\Dev.Web\Dev.Web.csproj", "{2B02927F-8872-470B-A668-35E4866D5C76}"
EndProject
Project("{2150E333-8FDC-42A3-9474-1A3956D46DE8}") = "common", "common", "{E45188A0-2261-4833-A104-F7BEBEF75D5F}"
EndProject
Project("{FAE04EC0-301F-11D3-BF4B-00C04F79EFBC}") = "Dev.Core", "src\common\Dev.Core\Dev.Core.csproj", "{3661BC26-40B9-4CA9-853A-DC4A779E83F7}"
EndProject
Project("{FAE04EC0-301F-11D3-BF4B-00C04F79EFBC}") = "Dev.Infrastructure", "src\common\Dev.Infrastructure\Dev.Infrastructure.csproj", "{8F8C1A0B-A22D-46B4-BF2C-61BA140BE202}"
EndProject
Project("{2150E333-8FDC-42A3-9474-1A3956D46DE8}") = "plugins", "plugins", "{6F0ECDB4-0BFD-4618-8713-61F526822439}"
	ProjectSection(SolutionItems) = preProject
		Directory.Build.props = Directory.Build.props
	EndProjectSection
EndProject
Project("{FAE04EC0-301F-11D3-BF4B-00C04F79EFBC}") = "Dev.Plugin.Blog", "src\plugins\Dev.Plugin.Blog\Dev.Plugin.Blog.csproj", "{7BDCFDCE-2EA8-405D-83A6-065509BADF82}"
EndProject
Global
	GlobalSection(SolutionConfigurationPlatforms) = preSolution
		Debug|Any CPU = Debug|Any CPU
		Release|Any CPU = Release|Any CPU
	EndGlobalSection
	GlobalSection(ProjectConfigurationPlatforms) = postSolution
		{2B02927F-8872-470B-A668-35E4866D5C76}.Debug|Any CPU.ActiveCfg = Debug|Any CPU
		{2B02927F-8872-470B-A668-35E4866D5C76}.Debug|Any CPU.Build.0 = Debug|Any CPU
		{2B02927F-8872-470B-A668-35E4866D5C76}.Release|Any CPU.ActiveCfg = Release|Any CPU
		{2B02927F-8872-470B-A668-35E4866D5C76}.Release|Any CPU.Build.0 = Release|Any CPU
		{3661BC26-40B9-4CA9-853A-DC4A779E83F7}.Debug|Any CPU.ActiveCfg = Debug|Any CPU
		{3661BC26-40B9-4CA9-853A-DC4A779E83F7}.Debug|Any CPU.Build.0 = Debug|Any CPU
		{3661BC26-40B9-4CA9-853A-DC4A779E83F7}.Release|Any CPU.ActiveCfg = Release|Any CPU
		{3661BC26-40B9-4CA9-853A-DC4A779E83F7}.Release|Any CPU.Build.0 = Release|Any CPU
		{8F8C1A0B-A22D-46B4-BF2C-61BA140BE202}.Debug|Any CPU.ActiveCfg = Debug|Any CPU
		{8F8C1A0B-A22D-46B4-BF2C-61BA140BE202}.Debug|Any CPU.Build.0 = Debug|Any CPU
		{8F8C1A0B-A22D-46B4-BF2C-61BA140BE202}.Release|Any CPU.ActiveCfg = Release|Any CPU
		{8F8C1A0B-A22D-46B4-BF2C-61BA140BE202}.Release|Any CPU.Build.0 = Release|Any CPU
		{7BDCFDCE-2EA8-405D-83A6-065509BADF82}.Debug|Any CPU.ActiveCfg = Debug|Any CPU
		{7BDCFDCE-2EA8-405D-83A6-065509BADF82}.Debug|Any CPU.Build.0 = Debug|Any CPU
		{7BDCFDCE-2EA8-405D-83A6-065509BADF82}.Release|Any CPU.ActiveCfg = Release|Any CPU
		{7BDCFDCE-2EA8-405D-83A6-065509BADF82}.Release|Any CPU.Build.0 = Release|Any CPU
	EndGlobalSection
	GlobalSection(SolutionProperties) = preSolution
		HideSolutionNode = FALSE
	EndGlobalSection
	GlobalSection(NestedProjects) = preSolution
		{2B02927F-8872-470B-A668-35E4866D5C76} = {640B8600-3BCE-4A94-BADA-6E59505F8844}
		{E45188A0-2261-4833-A104-F7BEBEF75D5F} = {640B8600-3BCE-4A94-BADA-6E59505F8844}
		{3661BC26-40B9-4CA9-853A-DC4A779E83F7} = {E45188A0-2261-4833-A104-F7BEBEF75D5F}
		{8F8C1A0B-A22D-46B4-BF2C-61BA140BE202} = {E45188A0-2261-4833-A104-F7BEBEF75D5F}
		{6F0ECDB4-0BFD-4618-8713-61F526822439} = {640B8600-3BCE-4A94-BADA-6E59505F8844}
		{7BDCFDCE-2EA8-405D-83A6-065509BADF82} = {6F0ECDB4-0BFD-4618-8713-61F526822439}
	EndGlobalSection
EndGlobal
